
Microsoft Visual Studio Solution File, Format Version 12.00
# Visual Studio 2013
VisualStudioVersion = 12.0.21005.1
MinimumVisualStudioVersion = 10.0.40219.1
Project("{FAE04EC0-301F-11D3-BF4B-00C04F79EFBC}") = "WebGenericCredentialsLib", "WebGenericCredentialsLib\WebGenericCredentialsLib.csproj", "{513FA8B6-51E1-4DB5-B0D3-CCA22D2FA84E}"
EndProject
Project("{FAE04EC0-301F-11D3-BF4B-00C04F79EFBC}") = "WebGenericCredentialsLibTest", "WebGenericCredentialsLibTest\WebGenericCredentialsLibTest.csproj", "{03518915-3D55-4A34-B6F7-977307788257}"
EndProject
Project("{2150E333-8FDC-42A3-9474-1A3956D46DE8}") = "Solution Items", "Solution Items", "{E08EDC84-C042-431A-9449-2B4B8D68300E}"
	ProjectSection(SolutionItems) = preProject
		WinGenericCredentials.nuspec = WinGenericCredentials.nuspec
	EndProjectSection
EndProject
Global
	GlobalSection(SolutionConfigurationPlatforms) = preSolution
		Debug|Any CPU = Debug|Any CPU
		Release|Any CPU = Release|Any CPU
	EndGlobalSection
	GlobalSection(ProjectConfigurationPlatforms) = postSolution
		{513FA8B6-51E1-4DB5-B0D3-CCA22D2FA84E}.Debug|Any CPU.ActiveCfg = Debug|Any CPU
		{513FA8B6-51E1-4DB5-B0D3-CCA22D2FA84E}.Debug|Any CPU.Build.0 = Debug|Any CPU
		{513FA8B6-51E1-4DB5-B0D3-CCA22D2FA84E}.Release|Any CPU.ActiveCfg = Release|Any CPU
		{513FA8B6-51E1-4DB5-B0D3-CCA22D2FA84E}.Release|Any CPU.Build.0 = Release|Any CPU
		{03518915-3D55-4A34-B6F7-977307788257}.Debug|Any CPU.ActiveCfg = Debug|Any CPU
		{03518915-3D55-4A34-B6F7-977307788257}.Debug|Any CPU.Build.0 = Debug|Any CPU
		{03518915-3D55-4A34-B6F7-977307788257}.Release|Any CPU.ActiveCfg = Release|Any CPU
		{03518915-3D55-4A34-B6F7-977307788257}.Release|Any CPU.Build.0 = Release|Any CPU
	EndGlobalSection
	GlobalSection(SolutionProperties) = preSolution
		HideSolutionNode = FALSE
	EndGlobalSection
EndGlobal
